
Microsoft Visual Studio Solution File, Format Version 12.00
# Visual Studio Version 16
VisualStudioVersion = 16.0.29209.62
MinimumVisualStudioVersion = 10.0.40219.1
Project("{FAE04EC0-301F-11D3-BF4B-00C04F79EFBC}") = "VnodeTest", "VnodeTest\VnodeTest.csproj", "{8A5D6D48-11F3-46DA-8898-4DDCA76E336B}"
EndProject
Project("{FAE04EC0-301F-11D3-BF4B-00C04F79EFBC}") = "ACL.ES", "..\..\..\..\..\Projekt\examples\ACL.ES\ACL.ES.csproj", "{F87F4FDB-C193-4AFE-96F6-A09179E55905}"
EndProject
Global
	GlobalSection(SolutionConfigurationPlatforms) = preSolution
		Debug|Any CPU = Debug|Any CPU
		Release|Any CPU = Release|Any CPU
	EndGlobalSection
	GlobalSection(ProjectConfigurationPlatforms) = postSolution
		{8A5D6D48-11F3-46DA-8898-4DDCA76E336B}.Debug|Any CPU.ActiveCfg = Debug|Any CPU
		{8A5D6D48-11F3-46DA-8898-4DDCA76E336B}.Debug|Any CPU.Build.0 = Debug|Any CPU
		{8A5D6D48-11F3-46DA-8898-4DDCA76E336B}.Release|Any CPU.ActiveCfg = Release|Any CPU
		{8A5D6D48-11F3-46DA-8898-4DDCA76E336B}.Release|Any CPU.Build.0 = Release|Any CPU
		{F87F4FDB-C193-4AFE-96F6-A09179E55905}.Debug|Any CPU.ActiveCfg = Debug|Any CPU
		{F87F4FDB-C193-4AFE-96F6-A09179E55905}.Debug|Any CPU.Build.0 = Debug|Any CPU
		{F87F4FDB-C193-4AFE-96F6-A09179E55905}.Release|Any CPU.ActiveCfg = Release|Any CPU
		{F87F4FDB-C193-4AFE-96F6-A09179E55905}.Release|Any CPU.Build.0 = Release|Any CPU
	EndGlobalSection
	GlobalSection(SolutionProperties) = preSolution
		HideSolutionNode = FALSE
	EndGlobalSection
	GlobalSection(ExtensibilityGlobals) = postSolution
		SolutionGuid = {82666016-96F2-4880-8957-31DCA0A642E4}
	EndGlobalSection
EndGlobal
